
Microsoft Visual Studio Solution File, Format Version 12.00
# Visual Studio Version 17
VisualStudioVersion = 17.4.33213.308
MinimumVisualStudioVersion = 10.0.40219.1
Project("{9A19103F-16F7-4668-BE54-9A1E7A4F7556}") = "SCCryptoLib", "SCCryptoLib.csproj", "{CD003E49-2DBA-4EF2-B2D5-A956C349AA89}"
EndProject
Global
	GlobalSection(SolutionConfigurationPlatforms) = preSolution
		Debug|Any CPU = Debug|Any CPU
		Release|Any CPU = Release|Any CPU
	EndGlobalSection
	GlobalSection(ProjectConfigurationPlatforms) = postSolution
		{CD003E49-2DBA-4EF2-B2D5-A956C349AA89}.Debug|Any CPU.ActiveCfg = Debug|Any CPU
		{CD003E49-2DBA-4EF2-B2D5-A956C349AA89}.Debug|Any CPU.Build.0 = Debug|Any CPU
		{CD003E49-2DBA-4EF2-B2D5-A956C349AA89}.Release|Any CPU.ActiveCfg = Release|Any CPU
		{CD003E49-2DBA-4EF2-B2D5-A956C349AA89}.Release|Any CPU.Build.0 = Release|Any CPU
	EndGlobalSection
	GlobalSection(SolutionProperties) = preSolution
		HideSolutionNode = FALSE
	EndGlobalSection
	GlobalSection(ExtensibilityGlobals) = postSolution
		SolutionGuid = {CDC95900-78EE-4F99-8772-56CD760C0D71}
	EndGlobalSection
EndGlobal
